
Microsoft Visual Studio Solution File, Format Version 12.00
# Visual Studio Version 17
VisualStudioVersion = 17.4.33110.190
MinimumVisualStudioVersion = 10.0.40219.1
Project("{FAE04EC0-301F-11D3-BF4B-00C04F79EFBC}") = "LINQ", "LINQ\LINQ.csproj", "{B9D704F1-4154-40D5-8A2B-90E540240D1C}"
EndProject
Project("{FAE04EC0-301F-11D3-BF4B-00C04F79EFBC}") = "FunctionalProgramming", "FunctionalProgramming\FunctionalProgramming.csproj", "{E22DB472-AEC9-4C01-802C-E0013B123239}"
EndProject
Project("{FAE04EC0-301F-11D3-BF4B-00C04F79EFBC}") = "Exceptions", "Exceptions\Exceptions.csproj", "{0FAFB4C7-42D4-4D54-9D10-09550A704984}"
EndProject
Project("{FAE04EC0-301F-11D3-BF4B-00C04F79EFBC}") = "Asynchronous.Programming", "Asynchronous.Programming\Asynchronous.Programming.csproj", "{5BD7E5E7-F54C-4AD9-8D27-32087357E7CE}"
EndProject
Project("{FAE04EC0-301F-11D3-BF4B-00C04F79EFBC}") = "Reflexion", "Reflexion\Reflexion.csproj", "{7B9FF4FD-1D22-4AF5-9F79-0FAB712EF4E6}"
EndProject
Project("{FAE04EC0-301F-11D3-BF4B-00C04F79EFBC}") = "Reflexion_ClientApp", "Reflexion_ClientApp\Reflexion_ClientApp.csproj", "{3884CB53-6D1B-4C32-895F-BF08B90C661E}"
EndProject
Project("{FAE04EC0-301F-11D3-BF4B-00C04F79EFBC}") = "Calculadora", "Calculadora\Calculadora.csproj", "{4466D924-D98E-40C7-8C1F-AB7B3957DEF0}"
EndProject
Project("{FAE04EC0-301F-11D3-BF4B-00C04F79EFBC}") = "Tareas.Paralelismo", "Tareas.Paralelismo\Tareas.Paralelismo.csproj", "{90119AE5-4418-4E48-9D67-EA045D15CB92}"
EndProject
Project("{FAE04EC0-301F-11D3-BF4B-00C04F79EFBC}") = "WinAppTimer", "WinAppTimer\WinAppTimer.csproj", "{E734B5A0-B380-4466-B0D4-CF6FA3DC27FE}"
EndProject
Project("{2150E333-8FDC-42A3-9474-1A3956D46DE8}") = "21. Hilos y Paralelismo", "21. Hilos y Paralelismo", "{2D4ED981-C872-4085-87EF-57E00D27CC1A}"
EndProject
Project("{FAE04EC0-301F-11D3-BF4B-00C04F79EFBC}") = "Calculadora.Paralela", "Calculadora.Paralela\Calculadora.Paralela.csproj", "{813A3581-219B-4199-9A66-F89D3166002E}"
EndProject
Project("{FAE04EC0-301F-11D3-BF4B-00C04F79EFBC}") = "WaitHandle.P", "WaitHandle.P\WaitHandle.P.csproj", "{EBB3B1FE-857D-443E-827E-654A19B5B4BC}"
EndProject
Project("{2150E333-8FDC-42A3-9474-1A3956D46DE8}") = "22. Archivos y Flujos", "22. Archivos y Flujos", "{88D8EDC8-13F6-4D42-84F3-AFC2B8BA36C2}"
EndProject
Project("{FAE04EC0-301F-11D3-BF4B-00C04F79EFBC}") = "Archivos", "Archivos\Archivos.csproj", "{A9FE0B9A-D7B0-41D7-A65C-24431A3521E9}"
EndProject
Project("{2150E333-8FDC-42A3-9474-1A3956D46DE8}") = "23. Networking", "23. Networking", "{D4FC2D7C-FB24-4677-A058-5E1310A5F670}"
EndProject
Project("{FAE04EC0-301F-11D3-BF4B-00C04F79EFBC}") = "HttpClientEjemplos", "HttpClientEjemplos\HttpClientEjemplos.csproj", "{A89FBFA8-44B8-4B34-8627-E8B6B5035451}"
EndProject
Project("{2150E333-8FDC-42A3-9474-1A3956D46DE8}") = "1. Design Pattern", "1. Design Pattern", "{89B35E66-1D0B-4D39-93D1-1FB44FE28B08}"
EndProject
Project("{2150E333-8FDC-42A3-9474-1A3956D46DE8}") = "a. Creational", "a. Creational", "{DECEB52C-E943-49BA-98CE-80B58A764D46}"
EndProject
Project("{FAE04EC0-301F-11D3-BF4B-00C04F79EFBC}") = "AbstractFactory", "AbstractFactoryDesign\AbstractFactory.csproj", "{0A1E3F3A-C946-4CCD-AB06-A6C3C21C84E7}"
EndProject
Project("{FAE04EC0-301F-11D3-BF4B-00C04F79EFBC}") = "Builder", "Builder\Builder.csproj", "{A11706B3-BFC5-4719-A2C7-37AE645CAF55}"
EndProject
Project("{FAE04EC0-301F-11D3-BF4B-00C04F79EFBC}") = "FluentInterface", "FluentInterface\FluentInterface.csproj", "{DBCC21EF-A45C-495D-A75C-9D1F21749052}"
EndProject
Project("{FAE04EC0-301F-11D3-BF4B-00C04F79EFBC}") = "Prototype", "Prototype\Prototype.csproj", "{311A538A-D6B8-437A-9238-5B4B8C7CA4FD}"
EndProject
Project("{2150E333-8FDC-42A3-9474-1A3956D46DE8}") = "i. Singleton", "i. Singleton", "{EB765547-62D0-4E52-BA93-9AFA9B60A3B0}"
EndProject
Project("{FAE04EC0-301F-11D3-BF4B-00C04F79EFBC}") = "Singleton", "Singleton\Singleton.csproj", "{FE94CB30-3EDF-4A9D-9B26-476A75F953A3}"
EndProject
Project("{FAE04EC0-301F-11D3-BF4B-00C04F79EFBC}") = "ThreadSafe", "ThreadSafe\ThreadSafe.csproj", "{A366817F-174E-410C-B73D-D8E6491D120E}"
EndProject
Project("{FAE04EC0-301F-11D3-BF4B-00C04F79EFBC}") = "EagerLoading", "EagerLoading\EagerLoading.csproj", "{2CD1E969-EC15-472D-98FE-6B91F6FCD3EA}"
EndProject
Project("{FAE04EC0-301F-11D3-BF4B-00C04F79EFBC}") = "LazyLoading", "LazyLoading\LazyLoading.csproj", "{13B089BE-E09F-4BF8-BB92-C1FB97AD5F26}"
EndProject
Project("{2150E333-8FDC-42A3-9474-1A3956D46DE8}") = "b. Structural", "b. Structural", "{D0E39361-FC62-464F-8F5A-06F9A03946F5}"
EndProject
Project("{FAE04EC0-301F-11D3-BF4B-00C04F79EFBC}") = "Adapter", "Adapter (Object)\Adapter.csproj", "{7FE0399D-EEA2-46E8-88C1-E6FEE8D9ECFB}"
EndProject
Project("{FAE04EC0-301F-11D3-BF4B-00C04F79EFBC}") = "Facade", "Facade\Facade.csproj", "{DC12E768-0618-4754-BD92-A1C7FBDB2E26}"
EndProject
Project("{FAE04EC0-301F-11D3-BF4B-00C04F79EFBC}") = "Decorator", "Decorator\Decorator.csproj", "{F128DBC0-EF4F-49B1-BD01-71358CC49F8D}"
EndProject
Project("{FAE04EC0-301F-11D3-BF4B-00C04F79EFBC}") = "Bridge", "Bridge\Bridge.csproj", "{76A3CBAD-B170-4194-884C-ADE2C297CDA8}"
EndProject
Project("{2150E333-8FDC-42A3-9474-1A3956D46DE8}") = "i. Bridge", "i. Bridge", "{47F4E789-86DA-4F39-8ADF-8DD4B56359DC}"
EndProject
Project("{FAE04EC0-301F-11D3-BF4B-00C04F79EFBC}") = "Bridge II", "Bridge II\Bridge II.csproj", "{9B5DCA33-6EBC-4948-96A1-CBC5D99F3BDC}"
EndProject
Project("{FAE04EC0-301F-11D3-BF4B-00C04F79EFBC}") = "Composite", "Composite\Composite.csproj", "{71E4F27A-DA8B-4356-82AA-90CC24A0B316}"
EndProject
Project("{FAE04EC0-301F-11D3-BF4B-00C04F79EFBC}") = "Proxy", "Proxy\Proxy.csproj", "{601CDD55-3E25-4649-A7B5-EE0045E6A3C7}"
EndProject
Project("{FAE04EC0-301F-11D3-BF4B-00C04F79EFBC}") = "Flyweight", "Flyweight\Flyweight.csproj", "{93B35127-9366-45CB-A156-C92876984FC9}"
EndProject
Project("{2150E333-8FDC-42A3-9474-1A3956D46DE8}") = "c. Behavioral", "c. Behavioral", "{42F4CBAA-4DCC-42DC-9313-F56245C76077}"
EndProject
Global
	GlobalSection(SolutionConfigurationPlatforms) = preSolution
		Debug|Any CPU = Debug|Any CPU
		Debug|ARM = Debug|ARM
		Debug|x64 = Debug|x64
		Debug|x86 = Debug|x86
		Release|Any CPU = Release|Any CPU
		Release|ARM = Release|ARM
		Release|x64 = Release|x64
		Release|x86 = Release|x86
	EndGlobalSection
	GlobalSection(ProjectConfigurationPlatforms) = postSolution
		{B9D704F1-4154-40D5-8A2B-90E540240D1C}.Debug|Any CPU.ActiveCfg = Debug|Any CPU
		{B9D704F1-4154-40D5-8A2B-90E540240D1C}.Debug|Any CPU.Build.0 = Debug|Any CPU
		{B9D704F1-4154-40D5-8A2B-90E540240D1C}.Debug|ARM.ActiveCfg = Debug|Any CPU
		{B9D704F1-4154-40D5-8A2B-90E540240D1C}.Debug|ARM.Build.0 = Debug|Any CPU
		{B9D704F1-4154-40D5-8A2B-90E540240D1C}.Debug|x64.ActiveCfg = Debug|Any CPU
		{B9D704F1-4154-40D5-8A2B-90E540240D1C}.Debug|x64.Build.0 = Debug|Any CPU
		{B9D704F1-4154-40D5-8A2B-90E540240D1C}.Debug|x86.ActiveCfg = Debug|Any CPU
		{B9D704F1-4154-40D5-8A2B-90E540240D1C}.Debug|x86.Build.0 = Debug|Any CPU
		{B9D704F1-4154-40D5-8A2B-90E540240D1C}.Release|Any CPU.ActiveCfg = Release|Any CPU
		{B9D704F1-4154-40D5-8A2B-90E540240D1C}.Release|Any CPU.Build.0 = Release|Any CPU
		{B9D704F1-4154-40D5-8A2B-90E540240D1C}.Release|ARM.ActiveCfg = Release|Any CPU
		{B9D704F1-4154-40D5-8A2B-90E540240D1C}.Release|ARM.Build.0 = Release|Any CPU
		{B9D704F1-4154-40D5-8A2B-90E540240D1C}.Release|x64.ActiveCfg = Release|Any CPU
		{B9D704F1-4154-40D5-8A2B-90E540240D1C}.Release|x64.Build.0 = Release|Any CPU
		{B9D704F1-4154-40D5-8A2B-90E540240D1C}.Release|x86.ActiveCfg = Release|Any CPU
		{B9D704F1-4154-40D5-8A2B-90E540240D1C}.Release|x86.Build.0 = Release|Any CPU
		{E22DB472-AEC9-4C01-802C-E0013B123239}.Debug|Any CPU.ActiveCfg = Debug|Any CPU
		{E22DB472-AEC9-4C01-802C-E0013B123239}.Debug|Any CPU.Build.0 = Debug|Any CPU
		{E22DB472-AEC9-4C01-802C-E0013B123239}.Debug|ARM.ActiveCfg = Debug|Any CPU
		{E22DB472-AEC9-4C01-802C-E0013B123239}.Debug|ARM.Build.0 = Debug|Any CPU
		{E22DB472-AEC9-4C01-802C-E0013B123239}.Debug|x64.ActiveCfg = Debug|Any CPU
		{E22DB472-AEC9-4C01-802C-E0013B123239}.Debug|x64.Build.0 = Debug|Any CPU
		{E22DB472-AEC9-4C01-802C-E0013B123239}.Debug|x86.ActiveCfg = Debug|Any CPU
		{E22DB472-AEC9-4C01-802C-E0013B123239}.Debug|x86.Build.0 = Debug|Any CPU
		{E22DB472-AEC9-4C01-802C-E0013B123239}.Release|Any CPU.ActiveCfg = Release|Any CPU
		{E22DB472-AEC9-4C01-802C-E0013B123239}.Release|Any CPU.Build.0 = Release|Any CPU
		{E22DB472-AEC9-4C01-802C-E0013B123239}.Release|ARM.ActiveCfg = Release|Any CPU
		{E22DB472-AEC9-4C01-802C-E0013B123239}.Release|ARM.Build.0 = Release|Any CPU
		{E22DB472-AEC9-4C01-802C-E0013B123239}.Release|x64.ActiveCfg = Release|Any CPU
		{E22DB472-AEC9-4C01-802C-E0013B123239}.Release|x64.Build.0 = Release|Any CPU
		{E22DB472-AEC9-4C01-802C-E0013B123239}.Release|x86.ActiveCfg = Release|Any CPU
		{E22DB472-AEC9-4C01-802C-E0013B123239}.Release|x86.Build.0 = Release|Any CPU
		{0FAFB4C7-42D4-4D54-9D10-09550A704984}.Debug|Any CPU.ActiveCfg = Debug|Any CPU
		{0FAFB4C7-42D4-4D54-9D10-09550A704984}.Debug|Any CPU.Build.0 = Debug|Any CPU
		{0FAFB4C7-42D4-4D54-9D10-09550A704984}.Debug|ARM.ActiveCfg = Debug|Any CPU
		{0FAFB4C7-42D4-4D54-9D10-09550A704984}.Debug|ARM.Build.0 = Debug|Any CPU
		{0FAFB4C7-42D4-4D54-9D10-09550A704984}.Debug|x64.ActiveCfg = Debug|Any CPU
		{0FAFB4C7-42D4-4D54-9D10-09550A704984}.Debug|x64.Build.0 = Debug|Any CPU
		{0FAFB4C7-42D4-4D54-9D10-09550A704984}.Debug|x86.ActiveCfg = Debug|Any CPU
		{0FAFB4C7-42D4-4D54-9D10-09550A704984}.Debug|x86.Build.0 = Debug|Any CPU
		{0FAFB4C7-42D4-4D54-9D10-09550A704984}.Release|Any CPU.ActiveCfg = Release|Any CPU
		{0FAFB4C7-42D4-4D54-9D10-09550A704984}.Release|Any CPU.Build.0 = Release|Any CPU
		{0FAFB4C7-42D4-4D54-9D10-09550A704984}.Release|ARM.ActiveCfg = Release|Any CPU
		{0FAFB4C7-42D4-4D54-9D10-09550A704984}.Release|ARM.Build.0 = Release|Any CPU
		{0FAFB4C7-42D4-4D54-9D10-09550A704984}.Release|x64.ActiveCfg = Release|Any CPU
		{0FAFB4C7-42D4-4D54-9D10-09550A704984}.Release|x64.Build.0 = Release|Any CPU
		{0FAFB4C7-42D4-4D54-9D10-09550A704984}.Release|x86.ActiveCfg = Release|Any CPU
		{0FAFB4C7-42D4-4D54-9D10-09550A704984}.Release|x86.Build.0 = Release|Any CPU
		{5BD7E5E7-F54C-4AD9-8D27-32087357E7CE}.Debug|Any CPU.ActiveCfg = Debug|Any CPU
		{5BD7E5E7-F54C-4AD9-8D27-32087357E7CE}.Debug|Any CPU.Build.0 = Debug|Any CPU
		{5BD7E5E7-F54C-4AD9-8D27-32087357E7CE}.Debug|ARM.ActiveCfg = Debug|Any CPU
		{5BD7E5E7-F54C-4AD9-8D27-32087357E7CE}.Debug|ARM.Build.0 = Debug|Any CPU
		{5BD7E5E7-F54C-4AD9-8D27-32087357E7CE}.Debug|x64.ActiveCfg = Debug|Any CPU
		{5BD7E5E7-F54C-4AD9-8D27-32087357E7CE}.Debug|x64.Build.0 = Debug|Any CPU
		{5BD7E5E7-F54C-4AD9-8D27-32087357E7CE}.Debug|x86.ActiveCfg = Debug|Any CPU
		{5BD7E5E7-F54C-4AD9-8D27-32087357E7CE}.Debug|x86.Build.0 = Debug|Any CPU
		{5BD7E5E7-F54C-4AD9-8D27-32087357E7CE}.Release|Any CPU.ActiveCfg = Release|Any CPU
		{5BD7E5E7-F54C-4AD9-8D27-32087357E7CE}.Release|Any CPU.Build.0 = Release|Any CPU
		{5BD7E5E7-F54C-4AD9-8D27-32087357E7CE}.Release|ARM.ActiveCfg = Release|Any CPU
		{5BD7E5E7-F54C-4AD9-8D27-32087357E7CE}.Release|ARM.Build.0 = Release|Any CPU
		{5BD7E5E7-F54C-4AD9-8D27-32087357E7CE}.Release|x64.ActiveCfg = Release|Any CPU
		{5BD7E5E7-F54C-4AD9-8D27-32087357E7CE}.Release|x64.Build.0 = Release|Any CPU
		{5BD7E5E7-F54C-4AD9-8D27-32087357E7CE}.Release|x86.ActiveCfg = Release|Any CPU
		{5BD7E5E7-F54C-4AD9-8D27-32087357E7CE}.Release|x86.Build.0 = Release|Any CPU
		{7B9FF4FD-1D22-4AF5-9F79-0FAB712EF4E6}.Debug|Any CPU.ActiveCfg = Debug|Any CPU
		{7B9FF4FD-1D22-4AF5-9F79-0FAB712EF4E6}.Debug|Any CPU.Build.0 = Debug|Any CPU
		{7B9FF4FD-1D22-4AF5-9F79-0FAB712EF4E6}.Debug|ARM.ActiveCfg = Debug|Any CPU
		{7B9FF4FD-1D22-4AF5-9F79-0FAB712EF4E6}.Debug|ARM.Build.0 = Debug|Any CPU
		{7B9FF4FD-1D22-4AF5-9F79-0FAB712EF4E6}.Debug|x64.ActiveCfg = Debug|Any CPU
		{7B9FF4FD-1D22-4AF5-9F79-0FAB712EF4E6}.Debug|x64.Build.0 = Debug|Any CPU
		{7B9FF4FD-1D22-4AF5-9F79-0FAB712EF4E6}.Debug|x86.ActiveCfg = Debug|Any CPU
		{7B9FF4FD-1D22-4AF5-9F79-0FAB712EF4E6}.Debug|x86.Build.0 = Debug|Any CPU
		{7B9FF4FD-1D22-4AF5-9F79-0FAB712EF4E6}.Release|Any CPU.ActiveCfg = Release|Any CPU
		{7B9FF4FD-1D22-4AF5-9F79-0FAB712EF4E6}.Release|Any CPU.Build.0 = Release|Any CPU
		{7B9FF4FD-1D22-4AF5-9F79-0FAB712EF4E6}.Release|ARM.ActiveCfg = Release|Any CPU
		{7B9FF4FD-1D22-4AF5-9F79-0FAB712EF4E6}.Release|ARM.Build.0 = Release|Any CPU
		{7B9FF4FD-1D22-4AF5-9F79-0FAB712EF4E6}.Release|x64.ActiveCfg = Release|Any CPU
		{7B9FF4FD-1D22-4AF5-9F79-0FAB712EF4E6}.Release|x64.Build.0 = Release|Any CPU
		{7B9FF4FD-1D22-4AF5-9F79-0FAB712EF4E6}.Release|x86.ActiveCfg = Release|Any CPU
		{7B9FF4FD-1D22-4AF5-9F79-0FAB712EF4E6}.Release|x86.Build.0 = Release|Any CPU
		{3884CB53-6D1B-4C32-895F-BF08B90C661E}.Debug|Any CPU.ActiveCfg = Debug|Any CPU
		{3884CB53-6D1B-4C32-895F-BF08B90C661E}.Debug|Any CPU.Build.0 = Debug|Any CPU
		{3884CB53-6D1B-4C32-895F-BF08B90C661E}.Debug|ARM.ActiveCfg = Debug|Any CPU
		{3884CB53-6D1B-4C32-895F-BF08B90C661E}.Debug|ARM.Build.0 = Debug|Any CPU
		{3884CB53-6D1B-4C32-895F-BF08B90C661E}.Debug|x64.ActiveCfg = Debug|Any CPU
		{3884CB53-6D1B-4C32-895F-BF08B90C661E}.Debug|x64.Build.0 = Debug|Any CPU
		{3884CB53-6D1B-4C32-895F-BF08B90C661E}.Debug|x86.ActiveCfg = Debug|Any CPU
		{3884CB53-6D1B-4C32-895F-BF08B90C661E}.Debug|x86.Build.0 = Debug|Any CPU
		{3884CB53-6D1B-4C32-895F-BF08B90C661E}.Release|Any CPU.ActiveCfg = Release|Any CPU
		{3884CB53-6D1B-4C32-895F-BF08B90C661E}.Release|Any CPU.Build.0 = Release|Any CPU
		{3884CB53-6D1B-4C32-895F-BF08B90C661E}.Release|ARM.ActiveCfg = Release|Any CPU
		{3884CB53-6D1B-4C32-895F-BF08B90C661E}.Release|ARM.Build.0 = Release|Any CPU
		{3884CB53-6D1B-4C32-895F-BF08B90C661E}.Release|x64.ActiveCfg = Release|Any CPU
		{3884CB53-6D1B-4C32-895F-BF08B90C661E}.Release|x64.Build.0 = Release|Any CPU
		{3884CB53-6D1B-4C32-895F-BF08B90C661E}.Release|x86.ActiveCfg = Release|Any CPU
		{3884CB53-6D1B-4C32-895F-BF08B90C661E}.Release|x86.Build.0 = Release|Any CPU
		{4466D924-D98E-40C7-8C1F-AB7B3957DEF0}.Debug|Any CPU.ActiveCfg = Debug|Any CPU
		{4466D924-D98E-40C7-8C1F-AB7B3957DEF0}.Debug|Any CPU.Build.0 = Debug|Any CPU
		{4466D924-D98E-40C7-8C1F-AB7B3957DEF0}.Debug|ARM.ActiveCfg = Debug|Any CPU
		{4466D924-D98E-40C7-8C1F-AB7B3957DEF0}.Debug|ARM.Build.0 = Debug|Any CPU
		{4466D924-D98E-40C7-8C1F-AB7B3957DEF0}.Debug|x64.ActiveCfg = Debug|Any CPU
		{4466D924-D98E-40C7-8C1F-AB7B3957DEF0}.Debug|x64.Build.0 = Debug|Any CPU
		{4466D924-D98E-40C7-8C1F-AB7B3957DEF0}.Debug|x86.ActiveCfg = Debug|Any CPU
		{4466D924-D98E-40C7-8C1F-AB7B3957DEF0}.Debug|x86.Build.0 = Debug|Any CPU
		{4466D924-D98E-40C7-8C1F-AB7B3957DEF0}.Release|Any CPU.ActiveCfg = Release|Any CPU
		{4466D924-D98E-40C7-8C1F-AB7B3957DEF0}.Release|Any CPU.Build.0 = Release|Any CPU
		{4466D924-D98E-40C7-8C1F-AB7B3957DEF0}.Release|ARM.ActiveCfg = Release|Any CPU
		{4466D924-D98E-40C7-8C1F-AB7B3957DEF0}.Release|ARM.Build.0 = Release|Any CPU
		{4466D924-D98E-40C7-8C1F-AB7B3957DEF0}.Release|x64.ActiveCfg = Release|Any CPU
		{4466D924-D98E-40C7-8C1F-AB7B3957DEF0}.Release|x64.Build.0 = Release|Any CPU
		{4466D924-D98E-40C7-8C1F-AB7B3957DEF0}.Release|x86.ActiveCfg = Release|Any CPU
		{4466D924-D98E-40C7-8C1F-AB7B3957DEF0}.Release|x86.Build.0 = Release|Any CPU
		{90119AE5-4418-4E48-9D67-EA045D15CB92}.Debug|Any CPU.ActiveCfg = Debug|Any CPU
		{90119AE5-4418-4E48-9D67-EA045D15CB92}.Debug|Any CPU.Build.0 = Debug|Any CPU
		{90119AE5-4418-4E48-9D67-EA045D15CB92}.Debug|ARM.ActiveCfg = Debug|Any CPU
		{90119AE5-4418-4E48-9D67-EA045D15CB92}.Debug|ARM.Build.0 = Debug|Any CPU
		{90119AE5-4418-4E48-9D67-EA045D15CB92}.Debug|x64.ActiveCfg = Debug|Any CPU
		{90119AE5-4418-4E48-9D67-EA045D15CB92}.Debug|x64.Build.0 = Debug|Any CPU
		{90119AE5-4418-4E48-9D67-EA045D15CB92}.Debug|x86.ActiveCfg = Debug|Any CPU
		{90119AE5-4418-4E48-9D67-EA045D15CB92}.Debug|x86.Build.0 = Debug|Any CPU
		{90119AE5-4418-4E48-9D67-EA045D15CB92}.Release|Any CPU.ActiveCfg = Release|Any CPU
		{90119AE5-4418-4E48-9D67-EA045D15CB92}.Release|Any CPU.Build.0 = Release|Any CPU
		{90119AE5-4418-4E48-9D67-EA045D15CB92}.Release|ARM.ActiveCfg = Release|Any CPU
		{90119AE5-4418-4E48-9D67-EA045D15CB92}.Release|ARM.Build.0 = Release|Any CPU
		{90119AE5-4418-4E48-9D67-EA045D15CB92}.Release|x64.ActiveCfg = Release|Any CPU
		{90119AE5-4418-4E48-9D67-EA045D15CB92}.Release|x64.Build.0 = Release|Any CPU
		{90119AE5-4418-4E48-9D67-EA045D15CB92}.Release|x86.ActiveCfg = Release|Any CPU
		{90119AE5-4418-4E48-9D67-EA045D15CB92}.Release|x86.Build.0 = Release|Any CPU
		{E734B5A0-B380-4466-B0D4-CF6FA3DC27FE}.Debug|Any CPU.ActiveCfg = Debug|x64
		{E734B5A0-B380-4466-B0D4-CF6FA3DC27FE}.Debug|Any CPU.Build.0 = Debug|x64
		{E734B5A0-B380-4466-B0D4-CF6FA3DC27FE}.Debug|Any CPU.Deploy.0 = Debug|x64
		{E734B5A0-B380-4466-B0D4-CF6FA3DC27FE}.Debug|ARM.ActiveCfg = Debug|ARM
		{E734B5A0-B380-4466-B0D4-CF6FA3DC27FE}.Debug|ARM.Build.0 = Debug|ARM
		{E734B5A0-B380-4466-B0D4-CF6FA3DC27FE}.Debug|ARM.Deploy.0 = Debug|ARM
		{E734B5A0-B380-4466-B0D4-CF6FA3DC27FE}.Debug|x64.ActiveCfg = Debug|x64
		{E734B5A0-B380-4466-B0D4-CF6FA3DC27FE}.Debug|x64.Build.0 = Debug|x64
		{E734B5A0-B380-4466-B0D4-CF6FA3DC27FE}.Debug|x64.Deploy.0 = Debug|x64
		{E734B5A0-B380-4466-B0D4-CF6FA3DC27FE}.Debug|x86.ActiveCfg = Debug|x86
		{E734B5A0-B380-4466-B0D4-CF6FA3DC27FE}.Debug|x86.Build.0 = Debug|x86
		{E734B5A0-B380-4466-B0D4-CF6FA3DC27FE}.Debug|x86.Deploy.0 = Debug|x86
		{E734B5A0-B380-4466-B0D4-CF6FA3DC27FE}.Release|Any CPU.ActiveCfg = Release|x64
		{E734B5A0-B380-4466-B0D4-CF6FA3DC27FE}.Release|Any CPU.Build.0 = Release|x64
		{E734B5A0-B380-4466-B0D4-CF6FA3DC27FE}.Release|Any CPU.Deploy.0 = Release|x64
		{E734B5A0-B380-4466-B0D4-CF6FA3DC27FE}.Release|ARM.ActiveCfg = Release|ARM
		{E734B5A0-B380-4466-B0D4-CF6FA3DC27FE}.Release|ARM.Build.0 = Release|ARM
		{E734B5A0-B380-4466-B0D4-CF6FA3DC27FE}.Release|ARM.Deploy.0 = Release|ARM
		{E734B5A0-B380-4466-B0D4-CF6FA3DC27FE}.Release|x64.ActiveCfg = Release|x64
		{E734B5A0-B380-4466-B0D4-CF6FA3DC27FE}.Release|x64.Build.0 = Release|x64
		{E734B5A0-B380-4466-B0D4-CF6FA3DC27FE}.Release|x64.Deploy.0 = Release|x64
		{E734B5A0-B380-4466-B0D4-CF6FA3DC27FE}.Release|x86.ActiveCfg = Release|x86
		{E734B5A0-B380-4466-B0D4-CF6FA3DC27FE}.Release|x86.Build.0 = Release|x86
		{E734B5A0-B380-4466-B0D4-CF6FA3DC27FE}.Release|x86.Deploy.0 = Release|x86
		{813A3581-219B-4199-9A66-F89D3166002E}.Debug|Any CPU.ActiveCfg = Debug|Any CPU
		{813A3581-219B-4199-9A66-F89D3166002E}.Debug|Any CPU.Build.0 = Debug|Any CPU
		{813A3581-219B-4199-9A66-F89D3166002E}.Debug|ARM.ActiveCfg = Debug|Any CPU
		{813A3581-219B-4199-9A66-F89D3166002E}.Debug|ARM.Build.0 = Debug|Any CPU
		{813A3581-219B-4199-9A66-F89D3166002E}.Debug|x64.ActiveCfg = Debug|Any CPU
		{813A3581-219B-4199-9A66-F89D3166002E}.Debug|x64.Build.0 = Debug|Any CPU
		{813A3581-219B-4199-9A66-F89D3166002E}.Debug|x86.ActiveCfg = Debug|Any CPU
		{813A3581-219B-4199-9A66-F89D3166002E}.Debug|x86.Build.0 = Debug|Any CPU
		{813A3581-219B-4199-9A66-F89D3166002E}.Release|Any CPU.ActiveCfg = Release|Any CPU
		{813A3581-219B-4199-9A66-F89D3166002E}.Release|Any CPU.Build.0 = Release|Any CPU
		{813A3581-219B-4199-9A66-F89D3166002E}.Release|ARM.ActiveCfg = Release|Any CPU
		{813A3581-219B-4199-9A66-F89D3166002E}.Release|ARM.Build.0 = Release|Any CPU
		{813A3581-219B-4199-9A66-F89D3166002E}.Release|x64.ActiveCfg = Release|Any CPU
		{813A3581-219B-4199-9A66-F89D3166002E}.Release|x64.Build.0 = Release|Any CPU
		{813A3581-219B-4199-9A66-F89D3166002E}.Release|x86.ActiveCfg = Release|Any CPU
		{813A3581-219B-4199-9A66-F89D3166002E}.Release|x86.Build.0 = Release|Any CPU
		{EBB3B1FE-857D-443E-827E-654A19B5B4BC}.Debug|Any CPU.ActiveCfg = Debug|Any CPU
		{EBB3B1FE-857D-443E-827E-654A19B5B4BC}.Debug|Any CPU.Build.0 = Debug|Any CPU
		{EBB3B1FE-857D-443E-827E-654A19B5B4BC}.Debug|ARM.ActiveCfg = Debug|Any CPU
		{EBB3B1FE-857D-443E-827E-654A19B5B4BC}.Debug|ARM.Build.0 = Debug|Any CPU
		{EBB3B1FE-857D-443E-827E-654A19B5B4BC}.Debug|x64.ActiveCfg = Debug|Any CPU
		{EBB3B1FE-857D-443E-827E-654A19B5B4BC}.Debug|x64.Build.0 = Debug|Any CPU
		{EBB3B1FE-857D-443E-827E-654A19B5B4BC}.Debug|x86.ActiveCfg = Debug|Any CPU
		{EBB3B1FE-857D-443E-827E-654A19B5B4BC}.Debug|x86.Build.0 = Debug|Any CPU
		{EBB3B1FE-857D-443E-827E-654A19B5B4BC}.Release|Any CPU.ActiveCfg = Release|Any CPU
		{EBB3B1FE-857D-443E-827E-654A19B5B4BC}.Release|Any CPU.Build.0 = Release|Any CPU
		{EBB3B1FE-857D-443E-827E-654A19B5B4BC}.Release|ARM.ActiveCfg = Release|Any CPU
		{EBB3B1FE-857D-443E-827E-654A19B5B4BC}.Release|ARM.Build.0 = Release|Any CPU
		{EBB3B1FE-857D-443E-827E-654A19B5B4BC}.Release|x64.ActiveCfg = Release|Any CPU
		{EBB3B1FE-857D-443E-827E-654A19B5B4BC}.Release|x64.Build.0 = Release|Any CPU
		{EBB3B1FE-857D-443E-827E-654A19B5B4BC}.Release|x86.ActiveCfg = Release|Any CPU
		{EBB3B1FE-857D-443E-827E-654A19B5B4BC}.Release|x86.Build.0 = Release|Any CPU
		{A9FE0B9A-D7B0-41D7-A65C-24431A3521E9}.Debug|Any CPU.ActiveCfg = Debug|Any CPU
		{A9FE0B9A-D7B0-41D7-A65C-24431A3521E9}.Debug|Any CPU.Build.0 = Debug|Any CPU
		{A9FE0B9A-D7B0-41D7-A65C-24431A3521E9}.Debug|ARM.ActiveCfg = Debug|Any CPU
		{A9FE0B9A-D7B0-41D7-A65C-24431A3521E9}.Debug|ARM.Build.0 = Debug|Any CPU
		{A9FE0B9A-D7B0-41D7-A65C-24431A3521E9}.Debug|x64.ActiveCfg = Debug|Any CPU
		{A9FE0B9A-D7B0-41D7-A65C-24431A3521E9}.Debug|x64.Build.0 = Debug|Any CPU
		{A9FE0B9A-D7B0-41D7-A65C-24431A3521E9}.Debug|x86.ActiveCfg = Debug|Any CPU
		{A9FE0B9A-D7B0-41D7-A65C-24431A3521E9}.Debug|x86.Build.0 = Debug|Any CPU
		{A9FE0B9A-D7B0-41D7-A65C-24431A3521E9}.Release|Any CPU.ActiveCfg = Release|Any CPU
		{A9FE0B9A-D7B0-41D7-A65C-24431A3521E9}.Release|Any CPU.Build.0 = Release|Any CPU
		{A9FE0B9A-D7B0-41D7-A65C-24431A3521E9}.Release|ARM.ActiveCfg = Release|Any CPU
		{A9FE0B9A-D7B0-41D7-A65C-24431A3521E9}.Release|ARM.Build.0 = Release|Any CPU
		{A9FE0B9A-D7B0-41D7-A65C-24431A3521E9}.Release|x64.ActiveCfg = Release|Any CPU
		{A9FE0B9A-D7B0-41D7-A65C-24431A3521E9}.Release|x64.Build.0 = Release|Any CPU
		{A9FE0B9A-D7B0-41D7-A65C-24431A3521E9}.Release|x86.ActiveCfg = Release|Any CPU
		{A9FE0B9A-D7B0-41D7-A65C-24431A3521E9}.Release|x86.Build.0 = Release|Any CPU
		{A89FBFA8-44B8-4B34-8627-E8B6B5035451}.Debug|Any CPU.ActiveCfg = Debug|Any CPU
		{A89FBFA8-44B8-4B34-8627-E8B6B5035451}.Debug|Any CPU.Build.0 = Debug|Any CPU
		{A89FBFA8-44B8-4B34-8627-E8B6B5035451}.Debug|ARM.ActiveCfg = Debug|Any CPU
		{A89FBFA8-44B8-4B34-8627-E8B6B5035451}.Debug|ARM.Build.0 = Debug|Any CPU
		{A89FBFA8-44B8-4B34-8627-E8B6B5035451}.Debug|x64.ActiveCfg = Debug|Any CPU
		{A89FBFA8-44B8-4B34-8627-E8B6B5035451}.Debug|x64.Build.0 = Debug|Any CPU
		{A89FBFA8-44B8-4B34-8627-E8B6B5035451}.Debug|x86.ActiveCfg = Debug|Any CPU
		{A89FBFA8-44B8-4B34-8627-E8B6B5035451}.Debug|x86.Build.0 = Debug|Any CPU
		{A89FBFA8-44B8-4B34-8627-E8B6B5035451}.Release|Any CPU.ActiveCfg = Release|Any CPU
		{A89FBFA8-44B8-4B34-8627-E8B6B5035451}.Release|Any CPU.Build.0 = Release|Any CPU
		{A89FBFA8-44B8-4B34-8627-E8B6B5035451}.Release|ARM.ActiveCfg = Release|Any CPU
		{A89FBFA8-44B8-4B34-8627-E8B6B5035451}.Release|ARM.Build.0 = Release|Any CPU
		{A89FBFA8-44B8-4B34-8627-E8B6B5035451}.Release|x64.ActiveCfg = Release|Any CPU
		{A89FBFA8-44B8-4B34-8627-E8B6B5035451}.Release|x64.Build.0 = Release|Any CPU
		{A89FBFA8-44B8-4B34-8627-E8B6B5035451}.Release|x86.ActiveCfg = Release|Any CPU
		{A89FBFA8-44B8-4B34-8627-E8B6B5035451}.Release|x86.Build.0 = Release|Any CPU
		{0A1E3F3A-C946-4CCD-AB06-A6C3C21C84E7}.Debug|Any CPU.ActiveCfg = Debug|Any CPU
		{0A1E3F3A-C946-4CCD-AB06-A6C3C21C84E7}.Debug|Any CPU.Build.0 = Debug|Any CPU
		{0A1E3F3A-C946-4CCD-AB06-A6C3C21C84E7}.Debug|ARM.ActiveCfg = Debug|Any CPU
		{0A1E3F3A-C946-4CCD-AB06-A6C3C21C84E7}.Debug|ARM.Build.0 = Debug|Any CPU
		{0A1E3F3A-C946-4CCD-AB06-A6C3C21C84E7}.Debug|x64.ActiveCfg = Debug|Any CPU
		{0A1E3F3A-C946-4CCD-AB06-A6C3C21C84E7}.Debug|x64.Build.0 = Debug|Any CPU
		{0A1E3F3A-C946-4CCD-AB06-A6C3C21C84E7}.Debug|x86.ActiveCfg = Debug|Any CPU
		{0A1E3F3A-C946-4CCD-AB06-A6C3C21C84E7}.Debug|x86.Build.0 = Debug|Any CPU
		{0A1E3F3A-C946-4CCD-AB06-A6C3C21C84E7}.Release|Any CPU.ActiveCfg = Release|Any CPU
		{0A1E3F3A-C946-4CCD-AB06-A6C3C21C84E7}.Release|Any CPU.Build.0 = Release|Any CPU
		{0A1E3F3A-C946-4CCD-AB06-A6C3C21C84E7}.Release|ARM.ActiveCfg = Release|Any CPU
		{0A1E3F3A-C946-4CCD-AB06-A6C3C21C84E7}.Release|ARM.Build.0 = Release|Any CPU
		{0A1E3F3A-C946-4CCD-AB06-A6C3C21C84E7}.Release|x64.ActiveCfg = Release|Any CPU
		{0A1E3F3A-C946-4CCD-AB06-A6C3C21C84E7}.Release|x64.Build.0 = Release|Any CPU
		{0A1E3F3A-C946-4CCD-AB06-A6C3C21C84E7}.Release|x86.ActiveCfg = Release|Any CPU
		{0A1E3F3A-C946-4CCD-AB06-A6C3C21C84E7}.Release|x86.Build.0 = Release|Any CPU
		{A11706B3-BFC5-4719-A2C7-37AE645CAF55}.Debug|Any CPU.ActiveCfg = Debug|Any CPU
		{A11706B3-BFC5-4719-A2C7-37AE645CAF55}.Debug|Any CPU.Build.0 = Debug|Any CPU
		{A11706B3-BFC5-4719-A2C7-37AE645CAF55}.Debug|ARM.ActiveCfg = Debug|Any CPU
		{A11706B3-BFC5-4719-A2C7-37AE645CAF55}.Debug|ARM.Build.0 = Debug|Any CPU
		{A11706B3-BFC5-4719-A2C7-37AE645CAF55}.Debug|x64.ActiveCfg = Debug|Any CPU
		{A11706B3-BFC5-4719-A2C7-37AE645CAF55}.Debug|x64.Build.0 = Debug|Any CPU
		{A11706B3-BFC5-4719-A2C7-37AE645CAF55}.Debug|x86.ActiveCfg = Debug|Any CPU
		{A11706B3-BFC5-4719-A2C7-37AE645CAF55}.Debug|x86.Build.0 = Debug|Any CPU
		{A11706B3-BFC5-4719-A2C7-37AE645CAF55}.Release|Any CPU.ActiveCfg = Release|Any CPU
		{A11706B3-BFC5-4719-A2C7-37AE645CAF55}.Release|Any CPU.Build.0 = Release|Any CPU
		{A11706B3-BFC5-4719-A2C7-37AE645CAF55}.Release|ARM.ActiveCfg = Release|Any CPU
		{A11706B3-BFC5-4719-A2C7-37AE645CAF55}.Release|ARM.Build.0 = Release|Any CPU
		{A11706B3-BFC5-4719-A2C7-37AE645CAF55}.Release|x64.ActiveCfg = Release|Any CPU
		{A11706B3-BFC5-4719-A2C7-37AE645CAF55}.Release|x64.Build.0 = Release|Any CPU
		{A11706B3-BFC5-4719-A2C7-37AE645CAF55}.Release|x86.ActiveCfg = Release|Any CPU
		{A11706B3-BFC5-4719-A2C7-37AE645CAF55}.Release|x86.Build.0 = Release|Any CPU
		{DBCC21EF-A45C-495D-A75C-9D1F21749052}.Debug|Any CPU.ActiveCfg = Debug|Any CPU
		{DBCC21EF-A45C-495D-A75C-9D1F21749052}.Debug|Any CPU.Build.0 = Debug|Any CPU
		{DBCC21EF-A45C-495D-A75C-9D1F21749052}.Debug|ARM.ActiveCfg = Debug|Any CPU
		{DBCC21EF-A45C-495D-A75C-9D1F21749052}.Debug|ARM.Build.0 = Debug|Any CPU
		{DBCC21EF-A45C-495D-A75C-9D1F21749052}.Debug|x64.ActiveCfg = Debug|Any CPU
		{DBCC21EF-A45C-495D-A75C-9D1F21749052}.Debug|x64.Build.0 = Debug|Any CPU
		{DBCC21EF-A45C-495D-A75C-9D1F21749052}.Debug|x86.ActiveCfg = Debug|Any CPU
		{DBCC21EF-A45C-495D-A75C-9D1F21749052}.Debug|x86.Build.0 = Debug|Any CPU
		{DBCC21EF-A45C-495D-A75C-9D1F21749052}.Release|Any CPU.ActiveCfg = Release|Any CPU
		{DBCC21EF-A45C-495D-A75C-9D1F21749052}.Release|Any CPU.Build.0 = Release|Any CPU
		{DBCC21EF-A45C-495D-A75C-9D1F21749052}.Release|ARM.ActiveCfg = Release|Any CPU
		{DBCC21EF-A45C-495D-A75C-9D1F21749052}.Release|ARM.Build.0 = Release|Any CPU
		{DBCC21EF-A45C-495D-A75C-9D1F21749052}.Release|x64.ActiveCfg = Release|Any CPU
		{DBCC21EF-A45C-495D-A75C-9D1F21749052}.Release|x64.Build.0 = Release|Any CPU
		{DBCC21EF-A45C-495D-A75C-9D1F21749052}.Release|x86.ActiveCfg = Release|Any CPU
		{DBCC21EF-A45C-495D-A75C-9D1F21749052}.Release|x86.Build.0 = Release|Any CPU
		{311A538A-D6B8-437A-9238-5B4B8C7CA4FD}.Debug|Any CPU.ActiveCfg = Debug|Any CPU
		{311A538A-D6B8-437A-9238-5B4B8C7CA4FD}.Debug|Any CPU.Build.0 = Debug|Any CPU
		{311A538A-D6B8-437A-9238-5B4B8C7CA4FD}.Debug|ARM.ActiveCfg = Debug|Any CPU
		{311A538A-D6B8-437A-9238-5B4B8C7CA4FD}.Debug|ARM.Build.0 = Debug|Any CPU
		{311A538A-D6B8-437A-9238-5B4B8C7CA4FD}.Debug|x64.ActiveCfg = Debug|Any CPU
		{311A538A-D6B8-437A-9238-5B4B8C7CA4FD}.Debug|x64.Build.0 = Debug|Any CPU
		{311A538A-D6B8-437A-9238-5B4B8C7CA4FD}.Debug|x86.ActiveCfg = Debug|Any CPU
		{311A538A-D6B8-437A-9238-5B4B8C7CA4FD}.Debug|x86.Build.0 = Debug|Any CPU
		{311A538A-D6B8-437A-9238-5B4B8C7CA4FD}.Release|Any CPU.ActiveCfg = Release|Any CPU
		{311A538A-D6B8-437A-9238-5B4B8C7CA4FD}.Release|Any CPU.Build.0 = Release|Any CPU
		{311A538A-D6B8-437A-9238-5B4B8C7CA4FD}.Release|ARM.ActiveCfg = Release|Any CPU
		{311A538A-D6B8-437A-9238-5B4B8C7CA4FD}.Release|ARM.Build.0 = Release|Any CPU
		{311A538A-D6B8-437A-9238-5B4B8C7CA4FD}.Release|x64.ActiveCfg = Release|Any CPU
		{311A538A-D6B8-437A-9238-5B4B8C7CA4FD}.Release|x64.Build.0 = Release|Any CPU
		{311A538A-D6B8-437A-9238-5B4B8C7CA4FD}.Release|x86.ActiveCfg = Release|Any CPU
		{311A538A-D6B8-437A-9238-5B4B8C7CA4FD}.Release|x86.Build.0 = Release|Any CPU
		{FE94CB30-3EDF-4A9D-9B26-476A75F953A3}.Debug|Any CPU.ActiveCfg = Debug|Any CPU
		{FE94CB30-3EDF-4A9D-9B26-476A75F953A3}.Debug|Any CPU.Build.0 = Debug|Any CPU
		{FE94CB30-3EDF-4A9D-9B26-476A75F953A3}.Debug|ARM.ActiveCfg = Debug|Any CPU
		{FE94CB30-3EDF-4A9D-9B26-476A75F953A3}.Debug|ARM.Build.0 = Debug|Any CPU
		{FE94CB30-3EDF-4A9D-9B26-476A75F953A3}.Debug|x64.ActiveCfg = Debug|Any CPU
		{FE94CB30-3EDF-4A9D-9B26-476A75F953A3}.Debug|x64.Build.0 = Debug|Any CPU
		{FE94CB30-3EDF-4A9D-9B26-476A75F953A3}.Debug|x86.ActiveCfg = Debug|Any CPU
		{FE94CB30-3EDF-4A9D-9B26-476A75F953A3}.Debug|x86.Build.0 = Debug|Any CPU
		{FE94CB30-3EDF-4A9D-9B26-476A75F953A3}.Release|Any CPU.ActiveCfg = Release|Any CPU
		{FE94CB30-3EDF-4A9D-9B26-476A75F953A3}.Release|Any CPU.Build.0 = Release|Any CPU
		{FE94CB30-3EDF-4A9D-9B26-476A75F953A3}.Release|ARM.ActiveCfg = Release|Any CPU
		{FE94CB30-3EDF-4A9D-9B26-476A75F953A3}.Release|ARM.Build.0 = Release|Any CPU
		{FE94CB30-3EDF-4A9D-9B26-476A75F953A3}.Release|x64.ActiveCfg = Release|Any CPU
		{FE94CB30-3EDF-4A9D-9B26-476A75F953A3}.Release|x64.Build.0 = Release|Any CPU
		{FE94CB30-3EDF-4A9D-9B26-476A75F953A3}.Release|x86.ActiveCfg = Release|Any CPU
		{FE94CB30-3EDF-4A9D-9B26-476A75F953A3}.Release|x86.Build.0 = Release|Any CPU
		{A366817F-174E-410C-B73D-D8E6491D120E}.Debug|Any CPU.ActiveCfg = Debug|Any CPU
		{A366817F-174E-410C-B73D-D8E6491D120E}.Debug|Any CPU.Build.0 = Debug|Any CPU
		{A366817F-174E-410C-B73D-D8E6491D120E}.Debug|ARM.ActiveCfg = Debug|Any CPU
		{A366817F-174E-410C-B73D-D8E6491D120E}.Debug|ARM.Build.0 = Debug|Any CPU
		{A366817F-174E-410C-B73D-D8E6491D120E}.Debug|x64.ActiveCfg = Debug|Any CPU
		{A366817F-174E-410C-B73D-D8E6491D120E}.Debug|x64.Build.0 = Debug|Any CPU
		{A366817F-174E-410C-B73D-D8E6491D120E}.Debug|x86.ActiveCfg = Debug|Any CPU
		{A366817F-174E-410C-B73D-D8E6491D120E}.Debug|x86.Build.0 = Debug|Any CPU
		{A366817F-174E-410C-B73D-D8E6491D120E}.Release|Any CPU.ActiveCfg = Release|Any CPU
		{A366817F-174E-410C-B73D-D8E6491D120E}.Release|Any CPU.Build.0 = Release|Any CPU
		{A366817F-174E-410C-B73D-D8E6491D120E}.Release|ARM.ActiveCfg = Release|Any CPU
		{A366817F-174E-410C-B73D-D8E6491D120E}.Release|ARM.Build.0 = Release|Any CPU
		{A366817F-174E-410C-B73D-D8E6491D120E}.Release|x64.ActiveCfg = Release|Any CPU
		{A366817F-174E-410C-B73D-D8E6491D120E}.Release|x64.Build.0 = Release|Any CPU
		{A366817F-174E-410C-B73D-D8E6491D120E}.Release|x86.ActiveCfg = Release|Any CPU
		{A366817F-174E-410C-B73D-D8E6491D120E}.Release|x86.Build.0 = Release|Any CPU
		{2CD1E969-EC15-472D-98FE-6B91F6FCD3EA}.Debug|Any CPU.ActiveCfg = Debug|Any CPU
		{2CD1E969-EC15-472D-98FE-6B91F6FCD3EA}.Debug|Any CPU.Build.0 = Debug|Any CPU
		{2CD1E969-EC15-472D-98FE-6B91F6FCD3EA}.Debug|ARM.ActiveCfg = Debug|Any CPU
		{2CD1E969-EC15-472D-98FE-6B91F6FCD3EA}.Debug|ARM.Build.0 = Debug|Any CPU
		{2CD1E969-EC15-472D-98FE-6B91F6FCD3EA}.Debug|x64.ActiveCfg = Debug|Any CPU
		{2CD1E969-EC15-472D-98FE-6B91F6FCD3EA}.Debug|x64.Build.0 = Debug|Any CPU
		{2CD1E969-EC15-472D-98FE-6B91F6FCD3EA}.Debug|x86.ActiveCfg = Debug|Any CPU
		{2CD1E969-EC15-472D-98FE-6B91F6FCD3EA}.Debug|x86.Build.0 = Debug|Any CPU
		{2CD1E969-EC15-472D-98FE-6B91F6FCD3EA}.Release|Any CPU.ActiveCfg = Release|Any CPU
		{2CD1E969-EC15-472D-98FE-6B91F6FCD3EA}.Release|Any CPU.Build.0 = Release|Any CPU
		{2CD1E969-EC15-472D-98FE-6B91F6FCD3EA}.Release|ARM.ActiveCfg = Release|Any CPU
		{2CD1E969-EC15-472D-98FE-6B91F6FCD3EA}.Release|ARM.Build.0 = Release|Any CPU
		{2CD1E969-EC15-472D-98FE-6B91F6FCD3EA}.Release|x64.ActiveCfg = Release|Any CPU
		{2CD1E969-EC15-472D-98FE-6B91F6FCD3EA}.Release|x64.Build.0 = Release|Any CPU
		{2CD1E969-EC15-472D-98FE-6B91F6FCD3EA}.Release|x86.ActiveCfg = Release|Any CPU
		{2CD1E969-EC15-472D-98FE-6B91F6FCD3EA}.Release|x86.Build.0 = Release|Any CPU
		{13B089BE-E09F-4BF8-BB92-C1FB97AD5F26}.Debug|Any CPU.ActiveCfg = Debug|Any CPU
		{13B089BE-E09F-4BF8-BB92-C1FB97AD5F26}.Debug|Any CPU.Build.0 = Debug|Any CPU
		{13B089BE-E09F-4BF8-BB92-C1FB97AD5F26}.Debug|ARM.ActiveCfg = Debug|Any CPU
		{13B089BE-E09F-4BF8-BB92-C1FB97AD5F26}.Debug|ARM.Build.0 = Debug|Any CPU
		{13B089BE-E09F-4BF8-BB92-C1FB97AD5F26}.Debug|x64.ActiveCfg = Debug|Any CPU
		{13B089BE-E09F-4BF8-BB92-C1FB97AD5F26}.Debug|x64.Build.0 = Debug|Any CPU
		{13B089BE-E09F-4BF8-BB92-C1FB97AD5F26}.Debug|x86.ActiveCfg = Debug|Any CPU
		{13B089BE-E09F-4BF8-BB92-C1FB97AD5F26}.Debug|x86.Build.0 = Debug|Any CPU
		{13B089BE-E09F-4BF8-BB92-C1FB97AD5F26}.Release|Any CPU.ActiveCfg = Release|Any CPU
		{13B089BE-E09F-4BF8-BB92-C1FB97AD5F26}.Release|Any CPU.Build.0 = Release|Any CPU
		{13B089BE-E09F-4BF8-BB92-C1FB97AD5F26}.Release|ARM.ActiveCfg = Release|Any CPU
		{13B089BE-E09F-4BF8-BB92-C1FB97AD5F26}.Release|ARM.Build.0 = Release|Any CPU
		{13B089BE-E09F-4BF8-BB92-C1FB97AD5F26}.Release|x64.ActiveCfg = Release|Any CPU
		{13B089BE-E09F-4BF8-BB92-C1FB97AD5F26}.Release|x64.Build.0 = Release|Any CPU
		{13B089BE-E09F-4BF8-BB92-C1FB97AD5F26}.Release|x86.ActiveCfg = Release|Any CPU
		{13B089BE-E09F-4BF8-BB92-C1FB97AD5F26}.Release|x86.Build.0 = Release|Any CPU
		{7FE0399D-EEA2-46E8-88C1-E6FEE8D9ECFB}.Debug|Any CPU.ActiveCfg = Debug|Any CPU
		{7FE0399D-EEA2-46E8-88C1-E6FEE8D9ECFB}.Debug|Any CPU.Build.0 = Debug|Any CPU
		{7FE0399D-EEA2-46E8-88C1-E6FEE8D9ECFB}.Debug|ARM.ActiveCfg = Debug|Any CPU
		{7FE0399D-EEA2-46E8-88C1-E6FEE8D9ECFB}.Debug|ARM.Build.0 = Debug|Any CPU
		{7FE0399D-EEA2-46E8-88C1-E6FEE8D9ECFB}.Debug|x64.ActiveCfg = Debug|Any CPU
		{7FE0399D-EEA2-46E8-88C1-E6FEE8D9ECFB}.Debug|x64.Build.0 = Debug|Any CPU
		{7FE0399D-EEA2-46E8-88C1-E6FEE8D9ECFB}.Debug|x86.ActiveCfg = Debug|Any CPU
		{7FE0399D-EEA2-46E8-88C1-E6FEE8D9ECFB}.Debug|x86.Build.0 = Debug|Any CPU
		{7FE0399D-EEA2-46E8-88C1-E6FEE8D9ECFB}.Release|Any CPU.ActiveCfg = Release|Any CPU
		{7FE0399D-EEA2-46E8-88C1-E6FEE8D9ECFB}.Release|Any CPU.Build.0 = Release|Any CPU
		{7FE0399D-EEA2-46E8-88C1-E6FEE8D9ECFB}.Release|ARM.ActiveCfg = Release|Any CPU
		{7FE0399D-EEA2-46E8-88C1-E6FEE8D9ECFB}.Release|ARM.Build.0 = Release|Any CPU
		{7FE0399D-EEA2-46E8-88C1-E6FEE8D9ECFB}.Release|x64.ActiveCfg = Release|Any CPU
		{7FE0399D-EEA2-46E8-88C1-E6FEE8D9ECFB}.Release|x64.Build.0 = Release|Any CPU
		{7FE0399D-EEA2-46E8-88C1-E6FEE8D9ECFB}.Release|x86.ActiveCfg = Release|Any CPU
		{7FE0399D-EEA2-46E8-88C1-E6FEE8D9ECFB}.Release|x86.Build.0 = Release|Any CPU
		{DC12E768-0618-4754-BD92-A1C7FBDB2E26}.Debug|Any CPU.ActiveCfg = Debug|Any CPU
		{DC12E768-0618-4754-BD92-A1C7FBDB2E26}.Debug|Any CPU.Build.0 = Debug|Any CPU
		{DC12E768-0618-4754-BD92-A1C7FBDB2E26}.Debug|ARM.ActiveCfg = Debug|Any CPU
		{DC12E768-0618-4754-BD92-A1C7FBDB2E26}.Debug|ARM.Build.0 = Debug|Any CPU
		{DC12E768-0618-4754-BD92-A1C7FBDB2E26}.Debug|x64.ActiveCfg = Debug|Any CPU
		{DC12E768-0618-4754-BD92-A1C7FBDB2E26}.Debug|x64.Build.0 = Debug|Any CPU
		{DC12E768-0618-4754-BD92-A1C7FBDB2E26}.Debug|x86.ActiveCfg = Debug|Any CPU
		{DC12E768-0618-4754-BD92-A1C7FBDB2E26}.Debug|x86.Build.0 = Debug|Any CPU
		{DC12E768-0618-4754-BD92-A1C7FBDB2E26}.Release|Any CPU.ActiveCfg = Release|Any CPU
		{DC12E768-0618-4754-BD92-A1C7FBDB2E26}.Release|Any CPU.Build.0 = Release|Any CPU
		{DC12E768-0618-4754-BD92-A1C7FBDB2E26}.Release|ARM.ActiveCfg = Release|Any CPU
		{DC12E768-0618-4754-BD92-A1C7FBDB2E26}.Release|ARM.Build.0 = Release|Any CPU
		{DC12E768-0618-4754-BD92-A1C7FBDB2E26}.Release|x64.ActiveCfg = Release|Any CPU
		{DC12E768-0618-4754-BD92-A1C7FBDB2E26}.Release|x64.Build.0 = Release|Any CPU
		{DC12E768-0618-4754-BD92-A1C7FBDB2E26}.Release|x86.ActiveCfg = Release|Any CPU
		{DC12E768-0618-4754-BD92-A1C7FBDB2E26}.Release|x86.Build.0 = Release|Any CPU
		{F128DBC0-EF4F-49B1-BD01-71358CC49F8D}.Debug|Any CPU.ActiveCfg = Debug|Any CPU
		{F128DBC0-EF4F-49B1-BD01-71358CC49F8D}.Debug|Any CPU.Build.0 = Debug|Any CPU
		{F128DBC0-EF4F-49B1-BD01-71358CC49F8D}.Debug|ARM.ActiveCfg = Debug|Any CPU
		{F128DBC0-EF4F-49B1-BD01-71358CC49F8D}.Debug|ARM.Build.0 = Debug|Any CPU
		{F128DBC0-EF4F-49B1-BD01-71358CC49F8D}.Debug|x64.ActiveCfg = Debug|Any CPU
		{F128DBC0-EF4F-49B1-BD01-71358CC49F8D}.Debug|x64.Build.0 = Debug|Any CPU
		{F128DBC0-EF4F-49B1-BD01-71358CC49F8D}.Debug|x86.ActiveCfg = Debug|Any CPU
		{F128DBC0-EF4F-49B1-BD01-71358CC49F8D}.Debug|x86.Build.0 = Debug|Any CPU
		{F128DBC0-EF4F-49B1-BD01-71358CC49F8D}.Release|Any CPU.ActiveCfg = Release|Any CPU
		{F128DBC0-EF4F-49B1-BD01-71358CC49F8D}.Release|Any CPU.Build.0 = Release|Any CPU
		{F128DBC0-EF4F-49B1-BD01-71358CC49F8D}.Release|ARM.ActiveCfg = Release|Any CPU
		{F128DBC0-EF4F-49B1-BD01-71358CC49F8D}.Release|ARM.Build.0 = Release|Any CPU
		{F128DBC0-EF4F-49B1-BD01-71358CC49F8D}.Release|x64.ActiveCfg = Release|Any CPU
		{F128DBC0-EF4F-49B1-BD01-71358CC49F8D}.Release|x64.Build.0 = Release|Any CPU
		{F128DBC0-EF4F-49B1-BD01-71358CC49F8D}.Release|x86.ActiveCfg = Release|Any CPU
		{F128DBC0-EF4F-49B1-BD01-71358CC49F8D}.Release|x86.Build.0 = Release|Any CPU
		{76A3CBAD-B170-4194-884C-ADE2C297CDA8}.Debug|Any CPU.ActiveCfg = Debug|Any CPU
		{76A3CBAD-B170-4194-884C-ADE2C297CDA8}.Debug|Any CPU.Build.0 = Debug|Any CPU
		{76A3CBAD-B170-4194-884C-ADE2C297CDA8}.Debug|ARM.ActiveCfg = Debug|Any CPU
		{76A3CBAD-B170-4194-884C-ADE2C297CDA8}.Debug|ARM.Build.0 = Debug|Any CPU
		{76A3CBAD-B170-4194-884C-ADE2C297CDA8}.Debug|x64.ActiveCfg = Debug|Any CPU
		{76A3CBAD-B170-4194-884C-ADE2C297CDA8}.Debug|x64.Build.0 = Debug|Any CPU
		{76A3CBAD-B170-4194-884C-ADE2C297CDA8}.Debug|x86.ActiveCfg = Debug|Any CPU
		{76A3CBAD-B170-4194-884C-ADE2C297CDA8}.Debug|x86.Build.0 = Debug|Any CPU
		{76A3CBAD-B170-4194-884C-ADE2C297CDA8}.Release|Any CPU.ActiveCfg = Release|Any CPU
		{76A3CBAD-B170-4194-884C-ADE2C297CDA8}.Release|Any CPU.Build.0 = Release|Any CPU
		{76A3CBAD-B170-4194-884C-ADE2C297CDA8}.Release|ARM.ActiveCfg = Release|Any CPU
		{76A3CBAD-B170-4194-884C-ADE2C297CDA8}.Release|ARM.Build.0 = Release|Any CPU
		{76A3CBAD-B170-4194-884C-ADE2C297CDA8}.Release|x64.ActiveCfg = Release|Any CPU
		{76A3CBAD-B170-4194-884C-ADE2C297CDA8}.Release|x64.Build.0 = Release|Any CPU
		{76A3CBAD-B170-4194-884C-ADE2C297CDA8}.Release|x86.ActiveCfg = Release|Any CPU
		{76A3CBAD-B170-4194-884C-ADE2C297CDA8}.Release|x86.Build.0 = Release|Any CPU
		{9B5DCA33-6EBC-4948-96A1-CBC5D99F3BDC}.Debug|Any CPU.ActiveCfg = Debug|Any CPU
		{9B5DCA33-6EBC-4948-96A1-CBC5D99F3BDC}.Debug|Any CPU.Build.0 = Debug|Any CPU
		{9B5DCA33-6EBC-4948-96A1-CBC5D99F3BDC}.Debug|ARM.ActiveCfg = Debug|Any CPU
		{9B5DCA33-6EBC-4948-96A1-CBC5D99F3BDC}.Debug|ARM.Build.0 = Debug|Any CPU
		{9B5DCA33-6EBC-4948-96A1-CBC5D99F3BDC}.Debug|x64.ActiveCfg = Debug|Any CPU
		{9B5DCA33-6EBC-4948-96A1-CBC5D99F3BDC}.Debug|x64.Build.0 = Debug|Any CPU
		{9B5DCA33-6EBC-4948-96A1-CBC5D99F3BDC}.Debug|x86.ActiveCfg = Debug|Any CPU
		{9B5DCA33-6EBC-4948-96A1-CBC5D99F3BDC}.Debug|x86.Build.0 = Debug|Any CPU
		{9B5DCA33-6EBC-4948-96A1-CBC5D99F3BDC}.Release|Any CPU.ActiveCfg = Release|Any CPU
		{9B5DCA33-6EBC-4948-96A1-CBC5D99F3BDC}.Release|Any CPU.Build.0 = Release|Any CPU
		{9B5DCA33-6EBC-4948-96A1-CBC5D99F3BDC}.Release|ARM.ActiveCfg = Release|Any CPU
		{9B5DCA33-6EBC-4948-96A1-CBC5D99F3BDC}.Release|ARM.Build.0 = Release|Any CPU
		{9B5DCA33-6EBC-4948-96A1-CBC5D99F3BDC}.Release|x64.ActiveCfg = Release|Any CPU
		{9B5DCA33-6EBC-4948-96A1-CBC5D99F3BDC}.Release|x64.Build.0 = Release|Any CPU
		{9B5DCA33-6EBC-4948-96A1-CBC5D99F3BDC}.Release|x86.ActiveCfg = Release|Any CPU
		{9B5DCA33-6EBC-4948-96A1-CBC5D99F3BDC}.Release|x86.Build.0 = Release|Any CPU
		{71E4F27A-DA8B-4356-82AA-90CC24A0B316}.Debug|Any CPU.ActiveCfg = Debug|Any CPU
		{71E4F27A-DA8B-4356-82AA-90CC24A0B316}.Debug|Any CPU.Build.0 = Debug|Any CPU
		{71E4F27A-DA8B-4356-82AA-90CC24A0B316}.Debug|ARM.ActiveCfg = Debug|Any CPU
		{71E4F27A-DA8B-4356-82AA-90CC24A0B316}.Debug|ARM.Build.0 = Debug|Any CPU
		{71E4F27A-DA8B-4356-82AA-90CC24A0B316}.Debug|x64.ActiveCfg = Debug|Any CPU
		{71E4F27A-DA8B-4356-82AA-90CC24A0B316}.Debug|x64.Build.0 = Debug|Any CPU
		{71E4F27A-DA8B-4356-82AA-90CC24A0B316}.Debug|x86.ActiveCfg = Debug|Any CPU
		{71E4F27A-DA8B-4356-82AA-90CC24A0B316}.Debug|x86.Build.0 = Debug|Any CPU
		{71E4F27A-DA8B-4356-82AA-90CC24A0B316}.Release|Any CPU.ActiveCfg = Release|Any CPU
		{71E4F27A-DA8B-4356-82AA-90CC24A0B316}.Release|Any CPU.Build.0 = Release|Any CPU
		{71E4F27A-DA8B-4356-82AA-90CC24A0B316}.Release|ARM.ActiveCfg = Release|Any CPU
		{71E4F27A-DA8B-4356-82AA-90CC24A0B316}.Release|ARM.Build.0 = Release|Any CPU
		{71E4F27A-DA8B-4356-82AA-90CC24A0B316}.Release|x64.ActiveCfg = Release|Any CPU
		{71E4F27A-DA8B-4356-82AA-90CC24A0B316}.Release|x64.Build.0 = Release|Any CPU
		{71E4F27A-DA8B-4356-82AA-90CC24A0B316}.Release|x86.ActiveCfg = Release|Any CPU
		{71E4F27A-DA8B-4356-82AA-90CC24A0B316}.Release|x86.Build.0 = Release|Any CPU
		{601CDD55-3E25-4649-A7B5-EE0045E6A3C7}.Debug|Any CPU.ActiveCfg = Debug|Any CPU
		{601CDD55-3E25-4649-A7B5-EE0045E6A3C7}.Debug|Any CPU.Build.0 = Debug|Any CPU
		{601CDD55-3E25-4649-A7B5-EE0045E6A3C7}.Debug|ARM.ActiveCfg = Debug|Any CPU
		{601CDD55-3E25-4649-A7B5-EE0045E6A3C7}.Debug|ARM.Build.0 = Debug|Any CPU
		{601CDD55-3E25-4649-A7B5-EE0045E6A3C7}.Debug|x64.ActiveCfg = Debug|Any CPU
		{601CDD55-3E25-4649-A7B5-EE0045E6A3C7}.Debug|x64.Build.0 = Debug|Any CPU
		{601CDD55-3E25-4649-A7B5-EE0045E6A3C7}.Debug|x86.ActiveCfg = Debug|Any CPU
		{601CDD55-3E25-4649-A7B5-EE0045E6A3C7}.Debug|x86.Build.0 = Debug|Any CPU
		{601CDD55-3E25-4649-A7B5-EE0045E6A3C7}.Release|Any CPU.ActiveCfg = Release|Any CPU
		{601CDD55-3E25-4649-A7B5-EE0045E6A3C7}.Release|Any CPU.Build.0 = Release|Any CPU
		{601CDD55-3E25-4649-A7B5-EE0045E6A3C7}.Release|ARM.ActiveCfg = Release|Any CPU
		{601CDD55-3E25-4649-A7B5-EE0045E6A3C7}.Release|ARM.Build.0 = Release|Any CPU
		{601CDD55-3E25-4649-A7B5-EE0045E6A3C7}.Release|x64.ActiveCfg = Release|Any CPU
		{601CDD55-3E25-4649-A7B5-EE0045E6A3C7}.Release|x64.Build.0 = Release|Any CPU
		{601CDD55-3E25-4649-A7B5-EE0045E6A3C7}.Release|x86.ActiveCfg = Release|Any CPU
		{601CDD55-3E25-4649-A7B5-EE0045E6A3C7}.Release|x86.Build.0 = Release|Any CPU
		{93B35127-9366-45CB-A156-C92876984FC9}.Debug|Any CPU.ActiveCfg = Debug|Any CPU
		{93B35127-9366-45CB-A156-C92876984FC9}.Debug|Any CPU.Build.0 = Debug|Any CPU
		{93B35127-9366-45CB-A156-C92876984FC9}.Debug|ARM.ActiveCfg = Debug|Any CPU
		{93B35127-9366-45CB-A156-C92876984FC9}.Debug|ARM.Build.0 = Debug|Any CPU
		{93B35127-9366-45CB-A156-C92876984FC9}.Debug|x64.ActiveCfg = Debug|Any CPU
		{93B35127-9366-45CB-A156-C92876984FC9}.Debug|x64.Build.0 = Debug|Any CPU
		{93B35127-9366-45CB-A156-C92876984FC9}.Debug|x86.ActiveCfg = Debug|Any CPU
		{93B35127-9366-45CB-A156-C92876984FC9}.Debug|x86.Build.0 = Debug|Any CPU
		{93B35127-9366-45CB-A156-C92876984FC9}.Release|Any CPU.ActiveCfg = Release|Any CPU
		{93B35127-9366-45CB-A156-C92876984FC9}.Release|Any CPU.Build.0 = Release|Any CPU
		{93B35127-9366-45CB-A156-C92876984FC9}.Release|ARM.ActiveCfg = Release|Any CPU
		{93B35127-9366-45CB-A156-C92876984FC9}.Release|ARM.Build.0 = Release|Any CPU
		{93B35127-9366-45CB-A156-C92876984FC9}.Release|x64.ActiveCfg = Release|Any CPU
		{93B35127-9366-45CB-A156-C92876984FC9}.Release|x64.Build.0 = Release|Any CPU
		{93B35127-9366-45CB-A156-C92876984FC9}.Release|x86.ActiveCfg = Release|Any CPU
		{93B35127-9366-45CB-A156-C92876984FC9}.Release|x86.Build.0 = Release|Any CPU
	EndGlobalSection
	GlobalSection(SolutionProperties) = preSolution
		HideSolutionNode = FALSE
	EndGlobalSection
	GlobalSection(NestedProjects) = preSolution
		{5BD7E5E7-F54C-4AD9-8D27-32087357E7CE} = {2D4ED981-C872-4085-87EF-57E00D27CC1A}
		{90119AE5-4418-4E48-9D67-EA045D15CB92} = {2D4ED981-C872-4085-87EF-57E00D27CC1A}
		{E734B5A0-B380-4466-B0D4-CF6FA3DC27FE} = {2D4ED981-C872-4085-87EF-57E00D27CC1A}
		{813A3581-219B-4199-9A66-F89D3166002E} = {2D4ED981-C872-4085-87EF-57E00D27CC1A}
		{EBB3B1FE-857D-443E-827E-654A19B5B4BC} = {2D4ED981-C872-4085-87EF-57E00D27CC1A}
		{A9FE0B9A-D7B0-41D7-A65C-24431A3521E9} = {88D8EDC8-13F6-4D42-84F3-AFC2B8BA36C2}
		{A89FBFA8-44B8-4B34-8627-E8B6B5035451} = {D4FC2D7C-FB24-4677-A058-5E1310A5F670}
		{DECEB52C-E943-49BA-98CE-80B58A764D46} = {89B35E66-1D0B-4D39-93D1-1FB44FE28B08}
		{0A1E3F3A-C946-4CCD-AB06-A6C3C21C84E7} = {DECEB52C-E943-49BA-98CE-80B58A764D46}
		{A11706B3-BFC5-4719-A2C7-37AE645CAF55} = {DECEB52C-E943-49BA-98CE-80B58A764D46}
		{DBCC21EF-A45C-495D-A75C-9D1F21749052} = {DECEB52C-E943-49BA-98CE-80B58A764D46}
		{311A538A-D6B8-437A-9238-5B4B8C7CA4FD} = {DECEB52C-E943-49BA-98CE-80B58A764D46}
		{EB765547-62D0-4E52-BA93-9AFA9B60A3B0} = {DECEB52C-E943-49BA-98CE-80B58A764D46}
		{FE94CB30-3EDF-4A9D-9B26-476A75F953A3} = {EB765547-62D0-4E52-BA93-9AFA9B60A3B0}
		{A366817F-174E-410C-B73D-D8E6491D120E} = {EB765547-62D0-4E52-BA93-9AFA9B60A3B0}
		{2CD1E969-EC15-472D-98FE-6B91F6FCD3EA} = {EB765547-62D0-4E52-BA93-9AFA9B60A3B0}
		{13B089BE-E09F-4BF8-BB92-C1FB97AD5F26} = {EB765547-62D0-4E52-BA93-9AFA9B60A3B0}
		{D0E39361-FC62-464F-8F5A-06F9A03946F5} = {89B35E66-1D0B-4D39-93D1-1FB44FE28B08}
		{7FE0399D-EEA2-46E8-88C1-E6FEE8D9ECFB} = {D0E39361-FC62-464F-8F5A-06F9A03946F5}
		{DC12E768-0618-4754-BD92-A1C7FBDB2E26} = {D0E39361-FC62-464F-8F5A-06F9A03946F5}
		{F128DBC0-EF4F-49B1-BD01-71358CC49F8D} = {D0E39361-FC62-464F-8F5A-06F9A03946F5}
		{76A3CBAD-B170-4194-884C-ADE2C297CDA8} = {47F4E789-86DA-4F39-8ADF-8DD4B56359DC}
		{47F4E789-86DA-4F39-8ADF-8DD4B56359DC} = {D0E39361-FC62-464F-8F5A-06F9A03946F5}
		{9B5DCA33-6EBC-4948-96A1-CBC5D99F3BDC} = {47F4E789-86DA-4F39-8ADF-8DD4B56359DC}
		{71E4F27A-DA8B-4356-82AA-90CC24A0B316} = {D0E39361-FC62-464F-8F5A-06F9A03946F5}
		{601CDD55-3E25-4649-A7B5-EE0045E6A3C7} = {D0E39361-FC62-464F-8F5A-06F9A03946F5}
		{93B35127-9366-45CB-A156-C92876984FC9} = {D0E39361-FC62-464F-8F5A-06F9A03946F5}
		{42F4CBAA-4DCC-42DC-9313-F56245C76077} = {89B35E66-1D0B-4D39-93D1-1FB44FE28B08}
	EndGlobalSection
	GlobalSection(ExtensibilityGlobals) = postSolution
		SolutionGuid = {654C974A-1737-432C-8C0B-83478C0A6478}
	EndGlobalSection
EndGlobal
